
Microsoft Visual Studio Solution File, Format Version 12.00
# Visual Studio Version 16
VisualStudioVersion = 16.0.29806.167
MinimumVisualStudioVersion = 10.0.40219.1
Project("{FAE04EC0-301F-11D3-BF4B-00C04F79EFBC}") = "Soundboard", "streamdeck\Soundboard.csproj", "{64626AAF-5A06-49AC-AA79-FA0B01B65045}"
EndProject
Project("{FAE04EC0-301F-11D3-BF4B-00C04F79EFBC}") = "Discord", "discord\Discord.csproj", "{6358E1FC-85FF-4B06-8626-A12FA19DE3DB}"
EndProject
Global
	GlobalSection(SolutionConfigurationPlatforms) = preSolution
		Debug|Any CPU = Debug|Any CPU
		Release|Any CPU = Release|Any CPU
	EndGlobalSection
	GlobalSection(ProjectConfigurationPlatforms) = postSolution
		{64626AAF-5A06-49AC-AA79-FA0B01B65045}.Debug|Any CPU.ActiveCfg = Debug|Any CPU
		{64626AAF-5A06-49AC-AA79-FA0B01B65045}.Debug|Any CPU.Build.0 = Debug|Any CPU
		{64626AAF-5A06-49AC-AA79-FA0B01B65045}.Release|Any CPU.ActiveCfg = Release|Any CPU
		{64626AAF-5A06-49AC-AA79-FA0B01B65045}.Release|Any CPU.Build.0 = Release|Any CPU
		{6358E1FC-85FF-4B06-8626-A12FA19DE3DB}.Debug|Any CPU.ActiveCfg = Debug|Any CPU
		{6358E1FC-85FF-4B06-8626-A12FA19DE3DB}.Debug|Any CPU.Build.0 = Debug|Any CPU
		{6358E1FC-85FF-4B06-8626-A12FA19DE3DB}.Release|Any CPU.ActiveCfg = Release|Any CPU
		{6358E1FC-85FF-4B06-8626-A12FA19DE3DB}.Release|Any CPU.Build.0 = Release|Any CPU
	EndGlobalSection
	GlobalSection(SolutionProperties) = preSolution
		HideSolutionNode = FALSE
	EndGlobalSection
	GlobalSection(ExtensibilityGlobals) = postSolution
		SolutionGuid = {E4148C5E-28A4-4001-B44B-4245B989C04E}
	EndGlobalSection
EndGlobal
